
Microsoft Visual Studio Solution File, Format Version 12.00
# Visual Studio Version 17
VisualStudioVersion = 17.1.32328.378
MinimumVisualStudioVersion = 10.0.40219.1
Project("{9A19103F-16F7-4668-BE54-9A1E7A4F7556}") = "DataAccess", "DataAccess\DataAccess.csproj", "{30F2AA63-2A10-4A5F-BA91-1F11374E61DD}"
EndProject
Project("{9A19103F-16F7-4668-BE54-9A1E7A4F7556}") = "Entities", "Entities\Entities.csproj", "{A6406E34-1D79-402F-97A7-C9DDF7F5AFC6}"
EndProject
Project("{9A19103F-16F7-4668-BE54-9A1E7A4F7556}") = "Business", "Business\Business.csproj", "{DCF2CE18-EA74-4C88-B2A9-0BF70495BE46}"
EndProject
Project("{9A19103F-16F7-4668-BE54-9A1E7A4F7556}") = "ConsoleUI", "ConsoleUI\ConsoleUI.csproj", "{9021CDF9-1920-4CEE-AC4C-A5CEE191597D}"
EndProject
Project("{FAE04EC0-301F-11D3-BF4B-00C04F79EFBC}") = "Core", "Core\Core.csproj", "{A1B6CA84-07E4-42AC-91A2-3FCD35E02ADE}"
EndProject
Global
	GlobalSection(SolutionConfigurationPlatforms) = preSolution
		Debug|Any CPU = Debug|Any CPU
		Release|Any CPU = Release|Any CPU
	EndGlobalSection
	GlobalSection(ProjectConfigurationPlatforms) = postSolution
		{30F2AA63-2A10-4A5F-BA91-1F11374E61DD}.Debug|Any CPU.ActiveCfg = Debug|Any CPU
		{30F2AA63-2A10-4A5F-BA91-1F11374E61DD}.Debug|Any CPU.Build.0 = Debug|Any CPU
		{30F2AA63-2A10-4A5F-BA91-1F11374E61DD}.Release|Any CPU.ActiveCfg = Release|Any CPU
		{30F2AA63-2A10-4A5F-BA91-1F11374E61DD}.Release|Any CPU.Build.0 = Release|Any CPU
		{A6406E34-1D79-402F-97A7-C9DDF7F5AFC6}.Debug|Any CPU.ActiveCfg = Debug|Any CPU
		{A6406E34-1D79-402F-97A7-C9DDF7F5AFC6}.Debug|Any CPU.Build.0 = Debug|Any CPU
		{A6406E34-1D79-402F-97A7-C9DDF7F5AFC6}.Release|Any CPU.ActiveCfg = Release|Any CPU
		{A6406E34-1D79-402F-97A7-C9DDF7F5AFC6}.Release|Any CPU.Build.0 = Release|Any CPU
		{DCF2CE18-EA74-4C88-B2A9-0BF70495BE46}.Debug|Any CPU.ActiveCfg = Debug|Any CPU
		{DCF2CE18-EA74-4C88-B2A9-0BF70495BE46}.Debug|Any CPU.Build.0 = Debug|Any CPU
		{DCF2CE18-EA74-4C88-B2A9-0BF70495BE46}.Release|Any CPU.ActiveCfg = Release|Any CPU
		{DCF2CE18-EA74-4C88-B2A9-0BF70495BE46}.Release|Any CPU.Build.0 = Release|Any CPU
		{9021CDF9-1920-4CEE-AC4C-A5CEE191597D}.Debug|Any CPU.ActiveCfg = Debug|Any CPU
		{9021CDF9-1920-4CEE-AC4C-A5CEE191597D}.Debug|Any CPU.Build.0 = Debug|Any CPU
		{9021CDF9-1920-4CEE-AC4C-A5CEE191597D}.Release|Any CPU.ActiveCfg = Release|Any CPU
		{9021CDF9-1920-4CEE-AC4C-A5CEE191597D}.Release|Any CPU.Build.0 = Release|Any CPU
		{A1B6CA84-07E4-42AC-91A2-3FCD35E02ADE}.Debug|Any CPU.ActiveCfg = Debug|Any CPU
		{A1B6CA84-07E4-42AC-91A2-3FCD35E02ADE}.Debug|Any CPU.Build.0 = Debug|Any CPU
		{A1B6CA84-07E4-42AC-91A2-3FCD35E02ADE}.Release|Any CPU.ActiveCfg = Release|Any CPU
		{A1B6CA84-07E4-42AC-91A2-3FCD35E02ADE}.Release|Any CPU.Build.0 = Release|Any CPU
	EndGlobalSection
	GlobalSection(SolutionProperties) = preSolution
		HideSolutionNode = FALSE
	EndGlobalSection
	GlobalSection(ExtensibilityGlobals) = postSolution
		SolutionGuid = {AD45F317-0F83-47AB-AE5D-764097FD1794}
	EndGlobalSection
EndGlobal
